hash: 9491d148ea81eda1f1336f713402ad547c5d98d4ed4e642760b06763cdcd4ad7
updated: 2016-08-25T20:07:22.494968947+02:00
imports:
- name: github.com/bborbe/crawler
  version: 14192b94f5118219816e2d6fbf151ee7347b8aad
  subpackages:
  - linkparser
- name: github.com/bborbe/io
  version: a92503d8d6377ff0e8b24ad2007cc83546a50817
  subpackages:
  - file_writer
  - reader_shadow_copy
  - util
  - buffered_writer
- name: github.com/bborbe/log
  version: 0250bb5b2e2bd833cb9a47333c28aa46751cdbfe
testImports:
- name: github.com/bborbe/assert
  version: f767bd2fffab5a86d5a887e2415d399e8aade8bf
